// !$*UTF8*$!
{
	archiveVersion = 1;
	classes = {
	};
	objectVersion = 50;
	objects = {

/* Begin PBXBuildFile section */
		0EC11D6023C04A4D002C2935 /* InfoPlist.strings in Resources */ = {isa = PBXBuildFile; fileRef = 0EC11D6223C04A4D002C2935 /* InfoPlist.strings */; };
		0EC11D6623C04AE0002C2935 /* Localizable.strings in Resources */ = {isa = PBXBuildFile; fileRef = 0EC11D6823C04AE0002C2935 /* Localizable.strings */; };
		0EC11D6B23C0530C002C2935 /* StringExtensionsTests.swift in Sources */ = {isa = PBXBuildFile; fileRef = 0EC11D6A23C0530C002C2935 /* StringExtensionsTests.swift */; };
		0EC11D6D23C05322002C2935 /* DNAConverterModelTests.swift in Sources */ = {isa = PBXBuildFile; fileRef = 0EC11D6C23C05322002C2935 /* DNAConverterModelTests.swift */; };
		0EF348E623BF3773009AB96B /* AppDelegate.swift in Sources */ = {isa = PBXBuildFile; fileRef = 0EF348E523BF3773009AB96B /* AppDelegate.swift */; };
		0EF348E823BF3773009AB96B /* SceneDelegate.swift in Sources */ = {isa = PBXBuildFile; fileRef = 0EF348E723BF3773009AB96B /* SceneDelegate.swift */; };
		0EF348ED23BF3773009AB96B /* Main.storyboard in Resources */ = {isa = PBXBuildFile; fileRef = 0EF348EB23BF3773009AB96B /* Main.storyboard */; };
		0EF348EF23BF3774009AB96B /* Assets.xcassets in Resources */ = {isa = PBXBuildFile; fileRef = 0EF348EE23BF3774009AB96B /* Assets.xcassets */; };
		0EF348F223BF3774009AB96B /* LaunchScreen.storyboard in Resources */ = {isa = PBXBuildFile; fileRef = 0EF348F023BF3774009AB96B /* LaunchScreen.storyboard */; };
		0EF3490823BF37AC009AB96B /* DNAConverterViewController.swift in Sources */ = {isa = PBXBuildFile; fileRef = 0EF3490723BF37AC009AB96B /* DNAConverterViewController.swift */; };
		0EF3490A23BF37FC009AB96B /* DNAConverterModel.swift in Sources */ = {isa = PBXBuildFile; fileRef = 0EF3490923BF37FC009AB96B /* DNAConverterModel.swift */; };
		0EF3490C23BF3F9B009AB96B /* StringExtensions.swift in Sources */ = {isa = PBXBuildFile; fileRef = 0EF3490B23BF3F9B009AB96B /* StringExtensions.swift */; };
		0EF3490E23BF734F009AB96B /* UIViewControllerExtensions.swift in Sources */ = {isa = PBXBuildFile; fileRef = 0EF3490D23BF734F009AB96B /* UIViewControllerExtensions.swift */; };
		0EF3491023BF807A009AB96B /* PlaceHolderTextView.swift in Sources */ = {isa = PBXBuildFile; fileRef = 0EF3490F23BF807A009AB96B /* PlaceHolderTextView.swift */; };
/* End PBXBuildFile section */

/* Begin PBXContainerItemProxy section */
		0EF348F923BF3774009AB96B /* PBXContainerItemProxy */ = {
			isa = PBXContainerItemProxy;
			containerPortal = 0EF348DA23BF3773009AB96B /* Project object */;
			proxyType = 1;
			remoteGlobalIDString = 0EF348E123BF3773009AB96B;
			remoteInfo = DNAConverter;
		};
/* End PBXContainerItemProxy section */

/* Begin PBXFileReference section */
		0EC11D5A23C049A6002C2935 /* ja */ = {isa = PBXFileReference; lastKnownFileType = text.plist.strings; name = ja; path = ja.lproj/Main.strings; sourceTree = "<group>"; };
		0EC11D5B23C049A6002C2935 /* ja */ = {isa = PBXFileReference; lastKnownFileType = text.plist.strings; name = ja; path = ja.lproj/LaunchScreen.strings; sourceTree = "<group>"; };
		0EC11D5D23C049C7002C2935 /* en */ = {isa = PBXFileReference; lastKnownFileType = text.plist.strings; name = en; path = en.lproj/Main.strings; sourceTree = "<group>"; };
		0EC11D6123C04A4D002C2935 /* ja */ = {isa = PBXFileReference; lastKnownFileType = text.plist.strings; name = ja; path = ja.lproj/InfoPlist.strings; sourceTree = "<group>"; };
		0EC11D6323C04A53002C2935 /* en */ = {isa = PBXFileReference; lastKnownFileType = text.plist.strings; name = en; path = en.lproj/InfoPlist.strings; sourceTree = "<group>"; };
		0EC11D6723C04AE0002C2935 /* ja */ = {isa = PBXFileReference; lastKnownFileType = text.plist.strings; name = ja; path = ja.lproj/Localizable.strings; sourceTree = "<group>"; };
		0EC11D6923C04AE2002C2935 /* en */ = {isa = PBXFileReference; lastKnownFileType = text.plist.strings; name = en; path = en.lproj/Localizable.strings; sourceTree = "<group>"; };
		0EC11D6A23C0530C002C2935 /* StringExtensionsTests.swift */ = {isa = PBXFileReference; lastKnownFileType = sourcecode.swift; path = StringExtensionsTests.swift; sourceTree = "<group>"; };
		0EC11D6C23C05322002C2935 /* DNAConverterModelTests.swift */ = {isa = PBXFileReference; lastKnownFileType = sourcecode.swift; path = DNAConverterModelTests.swift; sourceTree = "<group>"; };
		0EC11D6E23C069BC002C2935 /* DNAConverter.entitlements */ = {isa = PBXFileReference; lastKnownFileType = text.plist.entitlements; path = DNAConverter.entitlements; sourceTree = "<group>"; };
		0EF348E223BF3773009AB96B /* DNAConverter.app */ = {isa = PBXFileReference; explicitFileType = wrapper.application; includeInIndex = 0; path = DNAConverter.app; sourceTree = BUILT_PRODUCTS_DIR; };
		0EF348E523BF3773009AB96B /* AppDelegate.swift */ = {isa = PBXFileReference; lastKnownFileType = sourcecode.swift; path = AppDelegate.swift; sourceTree = "<group>"; };
		0EF348E723BF3773009AB96B /* SceneDelegate.swift */ = {isa = PBXFileReference; lastKnownFileType = sourcecode.swift; path = SceneDelegate.swift; sourceTree = "<group>"; };
		0EF348EC23BF3773009AB96B /* Base */ = {isa = PBXFileReference; lastKnownFileType = file.storyboard; name = Base; path = Base.lproj/Main.storyboard; sourceTree = "<group>"; };
		0EF348EE23BF3774009AB96B /* Assets.xcassets */ = {isa = PBXFileReference; lastKnownFileType = folder.assetcatalog; path = Assets.xcassets; sourceTree = "<group>"; };
		0EF348F123BF3774009AB96B /* Base */ = {isa = PBXFileReference; lastKnownFileType = file.storyboard; name = Base; path = Base.lproj/LaunchScreen.storyboard; sourceTree = "<group>"; };
		0EF348F323BF3774009AB96B /* Info.plist */ = {isa = PBXFileReference; lastKnownFileType = text.plist.xml; path = Info.plist; sourceTree = "<group>"; };
		0EF348F823BF3774009AB96B /* DNAConverterTests.xctest */ = {isa = PBXFileReference; explicitFileType = wrapper.cfbundle; includeInIndex = 0; path = DNAConverterTests.xctest; sourceTree = BUILT_PRODUCTS_DIR; };
		0EF348FE23BF3774009AB96B /* Info.plist */ = {isa = PBXFileReference; lastKnownFileType = text.plist.xml; path = Info.plist; sourceTree = "<group>"; };
		0EF3490723BF37AC009AB96B /* DNAConverterViewController.swift */ = {isa = PBXFileReference; lastKnownFileType = sourcecode.swift; path = DNAConverterViewController.swift; sourceTree = "<group>"; };
		0EF3490923BF37FC009AB96B /* DNAConverterModel.swift */ = {isa = PBXFileReference; lastKnownFileType = sourcecode.swift; path = DNAConverterModel.swift; sourceTree = "<group>"; };
		0EF3490B23BF3F9B009AB96B /* StringExtensions.swift */ = {isa = PBXFileReference; lastKnownFileType = sourcecode.swift; path = StringExtensions.swift; sourceTree = "<group>"; };
		0EF3490D23BF734F009AB96B /* UIViewControllerExtensions.swift */ = {isa = PBXFileReference; lastKnownFileType = sourcecode.swift; path = UIViewControllerExtensions.swift; sourceTree = "<group>"; };
		0EF3490F23BF807A009AB96B /* PlaceHolderTextView.swift */ = {isa = PBXFileReference; lastKnownFileType = sourcecode.swift; path = PlaceHolderTextView.swift; sourceTree = "<group>"; };
/* End PBXFileReference section */

/* Begin PBXFrameworksBuildPhase section */
		0EF348DF23BF3773009AB96B /* Frameworks */ = {
			isa = PBXFrameworksBuildPhase;
			buildActionMask = 2147483647;
			files = (
			);
			runOnlyForDeploymentPostprocessing = 0;
		};
		0EF348F523BF3774009AB96B /* Frameworks */ = {
			isa = PBXFrameworksBuildPhase;
			buildActionMask = 2147483647;
			files = (
			);
			runOnlyForDeploymentPostprocessing = 0;
		};
/* End PBXFrameworksBuildPhase section */

/* Begin PBXGroup section */
		0EF348D923BF3773009AB96B = {
			isa = PBXGroup;
			children = (
				0EF348E423BF3773009AB96B /* DNAConverter */,
				0EF348FB23BF3774009AB96B /* DNAConverterTests */,
				0EF348E323BF3773009AB96B /* Products */,
			);
			sourceTree = "<group>";
		};
		0EF348E323BF3773009AB96B /* Products */ = {
			isa = PBXGroup;
			children = (
				0EF348E223BF3773009AB96B /* DNAConverter.app */,
				0EF348F823BF3774009AB96B /* DNAConverterTests.xctest */,
			);
			name = Products;
			sourceTree = "<group>";
		};
		0EF348E423BF3773009AB96B /* DNAConverter */ = {
			isa = PBXGroup;
			children = (
				0EC11D6E23C069BC002C2935 /* DNAConverter.entitlements */,
				0EF3491123BF9151009AB96B /* Source */,
				0EF348EE23BF3774009AB96B /* Assets.xcassets */,
				0EC11D6223C04A4D002C2935 /* InfoPlist.strings */,
				0EF348F323BF3774009AB96B /* Info.plist */,
				0EC11D6823C04AE0002C2935 /* Localizable.strings */,
			);
			path = DNAConverter;
			sourceTree = "<group>";
		};
		0EF348FB23BF3774009AB96B /* DNAConverterTests */ = {
			isa = PBXGroup;
			children = (
				0EC11D6C23C05322002C2935 /* DNAConverterModelTests.swift */,
				0EC11D6A23C0530C002C2935 /* StringExtensionsTests.swift */,
				0EF348FE23BF3774009AB96B /* Info.plist */,
			);
			path = DNAConverterTests;
			sourceTree = "<group>";
		};
		0EF3491123BF9151009AB96B /* Source */ = {
			isa = PBXGroup;
			children = (
				0EF348E523BF3773009AB96B /* AppDelegate.swift */,
				0EF348E723BF3773009AB96B /* SceneDelegate.swift */,
				0EF3490723BF37AC009AB96B /* DNAConverterViewController.swift */,
				0EF3490923BF37FC009AB96B /* DNAConverterModel.swift */,
				0EF348EB23BF3773009AB96B /* Main.storyboard */,
				0EF348F023BF3774009AB96B /* LaunchScreen.storyboard */,
				0EF3491323BF9197009AB96B /* Extensions */,
				0EF3491223BF917B009AB96B /* CustomViews */,
			);
			path = Source;
			sourceTree = "<group>";
		};
		0EF3491223BF917B009AB96B /* CustomViews */ = {
			isa = PBXGroup;
			children = (
				0EF3490F23BF807A009AB96B /* PlaceHolderTextView.swift */,
			);
			path = CustomViews;
			sourceTree = "<group>";
		};
		0EF3491323BF9197009AB96B /* Extensions */ = {
			isa = PBXGroup;
			children = (
				0EF3490D23BF734F009AB96B /* UIViewControllerExtensions.swift */,
				0EF3490B23BF3F9B009AB96B /* StringExtensions.swift */,
			);
			path = Extensions;
			sourceTree = "<group>";
		};
/* End PBXGroup section */

/* Begin PBXNativeTarget section */
		0EF348E123BF3773009AB96B /* DNAConverter */ = {
			isa = PBXNativeTarget;
			buildConfigurationList = 0EF3490123BF3774009AB96B /* Build configuration list for PBXNativeTarget "DNAConverter" */;
			buildPhases = (
				0EF348DE23BF3773009AB96B /* Sources */,
				0EF348DF23BF3773009AB96B /* Frameworks */,
				0EF348E023BF3773009AB96B /* Resources */,
			);
			buildRules = (
			);
			dependencies = (
			);
			name = DNAConverter;
			productName = DNAConverter;
			productReference = 0EF348E223BF3773009AB96B /* DNAConverter.app */;
			productType = "com.apple.product-type.application";
		};
		0EF348F723BF3774009AB96B /* DNAConverterTests */ = {
			isa = PBXNativeTarget;
			buildConfigurationList = 0EF3490423BF3774009AB96B /* Build configuration list for PBXNativeTarget "DNAConverterTests" */;
			buildPhases = (
				0EF348F423BF3774009AB96B /* Sources */,
				0EF348F523BF3774009AB96B /* Frameworks */,
				0EF348F623BF3774009AB96B /* Resources */,
			);
			buildRules = (
			);
			dependencies = (
				0EF348FA23BF3774009AB96B /* PBXTargetDependency */,
			);
			name = DNAConverterTests;
			productName = DNAConverterTests;
			productReference = 0EF348F823BF3774009AB96B /* DNAConverterTests.xctest */;
			productType = "com.apple.product-type.bundle.unit-test";
		};
/* End PBXNativeTarget section */

/* Begin PBXProject section */
		0EF348DA23BF3773009AB96B /* Project object */ = {
			isa = PBXProject;
			attributes = {
				LastSwiftUpdateCheck = 1130;
				LastUpgradeCheck = 1130;
				ORGANIZATIONNAME = makoto;
				TargetAttributes = {
					0EF348E123BF3773009AB96B = {
						CreatedOnToolsVersion = 11.3;
					};
					0EF348F723BF3774009AB96B = {
						CreatedOnToolsVersion = 11.3;
						TestTargetID = 0EF348E123BF3773009AB96B;
					};
				};
			};
			buildConfigurationList = 0EF348DD23BF3773009AB96B /* Build configuration list for PBXProject "DNAConverter" */;
			compatibilityVersion = "Xcode 9.3";
			developmentRegion = en;
			hasScannedForEncodings = 0;
			knownRegions = (
				en,
				Base,
				ja,
			);
			mainGroup = 0EF348D923BF3773009AB96B;
			productRefGroup = 0EF348E323BF3773009AB96B /* Products */;
			projectDirPath = "";
			projectRoot = "";
			targets = (
				0EF348E123BF3773009AB96B /* DNAConverter */,
				0EF348F723BF3774009AB96B /* DNAConverterTests */,
			);
		};
/* End PBXProject section */

/* Begin PBXResourcesBuildPhase section */
		0EF348E023BF3773009AB96B /* Resources */ = {
			isa = PBXResourcesBuildPhase;
			buildActionMask = 2147483647;
			files = (
				0EC11D6623C04AE0002C2935 /* Localizable.strings in Resources */,
				0EF348F223BF3774009AB96B /* LaunchScreen.storyboard in Resources */,
				0EC11D6023C04A4D002C2935 /* InfoPlist.strings in Resources */,
				0EF348EF23BF3774009AB96B /* Assets.xcassets in Resources */,
				0EF348ED23BF3773009AB96B /* Main.storyboard in Resources */,
			);
			runOnlyForDeploymentPostprocessing = 0;
		};
		0EF348F623BF3774009AB96B /* Resources */ = {
			isa = PBXResourcesBuildPhase;
			buildActionMask = 2147483647;
			files = (
			);
			runOnlyForDeploymentPostprocessing = 0;
		};
/* End PBXResourcesBuildPhase section */

/* Begin PBXSourcesBuildPhase section */
		0EF348DE23BF3773009AB96B /* Sources */ = {
			isa = PBXSourcesBuildPhase;
			buildActionMask = 2147483647;
			files = (
				0EF348E623BF3773009AB96B /* AppDelegate.swift in Sources */,
				0EF3490823BF37AC009AB96B /* DNAConverterViewController.swift in Sources */,
				0EF3490C23BF3F9B009AB96B /* StringExtensions.swift in Sources */,
				0EF3490A23BF37FC009AB96B /* DNAConverterModel.swift in Sources */,
				0EF3491023BF807A009AB96B /* PlaceHolderTextView.swift in Sources */,
				0EF3490E23BF734F009AB96B /* UIViewControllerExtensions.swift in Sources */,
				0EF348E823BF3773009AB96B /* SceneDelegate.swift in Sources */,
			);
			runOnlyForDeploymentPostprocessing = 0;
		};
		0EF348F423BF3774009AB96B /* Sources */ = {
			isa = PBXSourcesBuildPhase;
			buildActionMask = 2147483647;
			files = (
				0EC11D6B23C0530C002C2935 /* StringExtensionsTests.swift in Sources */,
				0EC11D6D23C05322002C2935 /* DNAConverterModelTests.swift in Sources */,
			);
			runOnlyForDeploymentPostprocessing = 0;
		};
/* End PBXSourcesBuildPhase section */

/* Begin PBXTargetDependency section */
		0EF348FA23BF3774009AB96B /* PBXTargetDependency */ = {
			isa = PBXTargetDependency;
			target = 0EF348E123BF3773009AB96B /* DNAConverter */;
			targetProxy = 0EF348F923BF3774009AB96B /* PBXContainerItemProxy */;
		};
/* End PBXTargetDependency section */

/* Begin PBXVariantGroup section */
		0EC11D6223C04A4D002C2935 /* InfoPlist.strings */ = {
			isa = PBXVariantGroup;
			children = (
				0EC11D6123C04A4D002C2935 /* ja */,
				0EC11D6323C04A53002C2935 /* en */,
			);
			name = InfoPlist.strings;
			sourceTree = "<group>";
		};
		0EC11D6823C04AE0002C2935 /* Localizable.strings */ = {
			isa = PBXVariantGroup;
			children = (
				0EC11D6723C04AE0002C2935 /* ja */,
				0EC11D6923C04AE2002C2935 /* en */,
			);
			name = Localizable.strings;
			sourceTree = "<group>";
		};
		0EF348EB23BF3773009AB96B /* Main.storyboard */ = {
			isa = PBXVariantGroup;
			children = (
				0EF348EC23BF3773009AB96B /* Base */,
				0EC11D5A23C049A6002C2935 /* ja */,
				0EC11D5D23C049C7002C2935 /* en */,
			);
			name = Main.storyboard;
			sourceTree = "<group>";
		};
		0EF348F023BF3774009AB96B /* LaunchScreen.storyboard */ = {
			isa = PBXVariantGroup;
			children = (
				0EF348F123BF3774009AB96B /* Base */,
				0EC11D5B23C049A6002C2935 /* ja */,
			);
			name = LaunchScreen.storyboard;
			sourceTree = "<group>";
		};
/* End PBXVariantGroup section */

/* Begin XCBuildConfiguration section */
		0EF348FF23BF3774009AB96B /* Debug */ = {
			isa = XCBuildConfiguration;
			buildSettings = {
				ALWAYS_SEARCH_USER_PATHS = NO;
				CLANG_ANALYZER_LOCALIZABILITY_NONLOCALIZED = YES;
				CLANG_ANALYZER_NONNULL = YES;
				CLANG_ANALYZER_NUMBER_OBJECT_CONVERSION = YES_AGGRESSIVE;
				CLANG_CXX_LANGUAGE_STANDARD = "gnu++14";
				CLANG_CXX_LIBRARY = "libc++";
				CLANG_ENABLE_MODULES = YES;
				CLANG_ENABLE_OBJC_ARC = YES;
				CLANG_ENABLE_OBJC_WEAK = YES;
				CLANG_WARN_BLOCK_CAPTURE_AUTORELEASING = YES;
				CLANG_WARN_BOOL_CONVERSION = YES;
				CLANG_WARN_COMMA = YES;
				CLANG_WARN_CONSTANT_CONVERSION = YES;
				CLANG_WARN_DEPRECATED_OBJC_IMPLEMENTATIONS = YES;
				CLANG_WARN_DIRECT_OBJC_ISA_USAGE = YES_ERROR;
				CLANG_WARN_DOCUMENTATION_COMMENTS = YES;
				CLANG_WARN_EMPTY_BODY = YES;
				CLANG_WARN_ENUM_CONVERSION = YES;
				CLANG_WARN_INFINITE_RECURSION = YES;
				CLANG_WARN_INT_CONVERSION = YES;
				CLANG_WARN_NON_LITERAL_NULL_CONVERSION = YES;
				CLANG_WARN_OBJC_IMPLICIT_RETAIN_SELF = YES;
				CLANG_WARN_OBJC_LITERAL_CONVERSION = YES;
				CLANG_WARN_OBJC_ROOT_CLASS = YES_ERROR;
				CLANG_WARN_RANGE_LOOP_ANALYSIS = YES;
				CLANG_WARN_STRICT_PROTOTYPES = YES;
				CLANG_WARN_SUSPICIOUS_MOVE = YES;
				CLANG_WARN_UNGUARDED_AVAILABILITY = YES_AGGRESSIVE;
				CLANG_WARN_UNREACHABLE_CODE = YES;
				CLANG_WARN__DUPLICATE_METHOD_MATCH = YES;
				COPY_PHASE_STRIP = NO;
				DEBUG_INFORMATION_FORMAT = dwarf;
				ENABLE_STRICT_OBJC_MSGSEND = YES;
				ENABLE_TESTABILITY = YES;
				GCC_C_LANGUAGE_STANDARD = gnu11;
				GCC_DYNAMIC_NO_PIC = NO;
				GCC_NO_COMMON_BLOCKS = YES;
				GCC_OPTIMIZATION_LEVEL = 0;
				GCC_PREPROCESSOR_DEFINITIONS = (
					"DEBUG=1",
					"$(inherited)",
				);
				GCC_WARN_64_TO_32_BIT_CONVERSION = YES;
				GCC_WARN_ABOUT_RETURN_TYPE = YES_ERROR;
				GCC_WARN_UNDECLARED_SELECTOR = YES;
				GCC_WARN_UNINITIALIZED_AUTOS = YES_AGGRESSIVE;
				GCC_WARN_UNUSED_FUNCTION = YES;
				GCC_WARN_UNUSED_VARIABLE = YES;
				IPHONEOS_DEPLOYMENT_TARGET = 13.0;
				MTL_ENABLE_DEBUG_INFO = INCLUDE_SOURCE;
				MTL_FAST_MATH = YES;
				ONLY_ACTIVE_ARCH = YES;
				SDKROOT = iphoneos;
				SWIFT_ACTIVE_COMPILATION_CONDITIONS = DEBUG;
				SWIFT_OPTIMIZATION_LEVEL = "-Onone";
			};
			name = Debug;
		};
		0EF3490023BF3774009AB96B /* Release */ = {
			isa = XCBuildConfiguration;
			buildSettings = {
				ALWAYS_SEARCH_USER_PATHS = NO;
				CLANG_ANALYZER_LOCALIZABILITY_NONLOCALIZED = YES;
				CLANG_ANALYZER_NONNULL = YES;
				CLANG_ANALYZER_NUMBER_OBJECT_CONVERSION = YES_AGGRESSIVE;
				CLANG_CXX_LANGUAGE_STANDARD = "gnu++14";
				CLANG_CXX_LIBRARY = "libc++";
				CLANG_ENABLE_MODULES = YES;
				CLANG_ENABLE_OBJC_ARC = YES;
				CLANG_ENABLE_OBJC_WEAK = YES;
				CLANG_WARN_BLOCK_CAPTURE_AUTORELEASING = YES;
				CLANG_WARN_BOOL_CONVERSION = YES;
				CLANG_WARN_COMMA = YES;
				CLANG_WARN_CONSTANT_CONVERSION = YES;
				CLANG_WARN_DEPRECATED_OBJC_IMPLEMENTATIONS = YES;
				CLANG_WARN_DIRECT_OBJC_ISA_USAGE = YES_ERROR;
				CLANG_WARN_DOCUMENTATION_COMMENTS = YES;
				CLANG_WARN_EMPTY_BODY = YES;
				CLANG_WARN_ENUM_CONVERSION = YES;
				CLANG_WARN_INFINITE_RECURSION = YES;
				CLANG_WARN_INT_CONVERSION = YES;
				CLANG_WARN_NON_LITERAL_NULL_CONVERSION = YES;
				CLANG_WARN_OBJC_IMPLICIT_RETAIN_SELF = YES;
				CLANG_WARN_OBJC_LITERAL_CONVERSION = YES;
				CLANG_WARN_OBJC_ROOT_CLASS = YES_ERROR;
				CLANG_WARN_RANGE_LOOP_ANALYSIS = YES;
				CLANG_WARN_STRICT_PROTOTYPES = YES;
				CLANG_WARN_SUSPICIOUS_MOVE = YES;
				CLANG_WARN_UNGUARDED_AVAILABILITY = YES_AGGRESSIVE;
				CLANG_WARN_UNREACHABLE_CODE = YES;
				CLANG_WARN__DUPLICATE_METHOD_MATCH = YES;
				COPY_PHASE_STRIP = NO;
				DEBUG_INFORMATION_FORMAT = "dwarf-with-dsym";
				ENABLE_NS_ASSERTIONS = NO;
				ENABLE_STRICT_OBJC_MSGSEND = YES;
				GCC_C_LANGUAGE_STANDARD = gnu11;
				GCC_NO_COMMON_BLOCKS = YES;
				GCC_WARN_64_TO_32_BIT_CONVERSION = YES;
				GCC_WARN_ABOUT_RETURN_TYPE = YES_ERROR;
				GCC_WARN_UNDECLARED_SELECTOR = YES;
				GCC_WARN_UNINITIALIZED_AUTOS = YES_AGGRESSIVE;
				GCC_WARN_UNUSED_FUNCTION = YES;
				GCC_WARN_UNUSED_VARIABLE = YES;
				IPHONEOS_DEPLOYMENT_TARGET = 13.0;
				MTL_ENABLE_DEBUG_INFO = NO;
				MTL_FAST_MATH = YES;
				SDKROOT = iphoneos;
				SWIFT_COMPILATION_MODE = wholemodule;
				SWIFT_OPTIMIZATION_LEVEL = "-O";
				VALIDATE_PRODUCT = YES;
			};
			name = Release;
		};
		0EF3490223BF3774009AB96B /* Debug */ = {
			isa = XCBuildConfiguration;
			buildSettings = {
				ASSETCATALOG_COMPILER_APPICON_NAME = AppIcon;
				CODE_SIGN_ENTITLEMENTS = DNAConverter/DNAConverter.entitlements;
				CODE_SIGN_IDENTITY = "Apple Development";
				"CODE_SIGN_IDENTITY[sdk=macosx*]" = "Apple Development";
				CODE_SIGN_STYLE = Automatic;
				CURRENT_PROJECT_VERSION = 1.0.2;
				DERIVE_MACCATALYST_PRODUCT_BUNDLE_IDENTIFIER = YES;
				DEVELOPMENT_TEAM = H5QW7TLM9U;
				INFOPLIST_FILE = DNAConverter/Info.plist;
				LD_RUNPATH_SEARCH_PATHS = (
					"$(inherited)",
					"@executable_path/Frameworks",
				);
				MARKETING_VERSION = 1.0.0;
				PRODUCT_BUNDLE_IDENTIFIER = am10.DNAConverter;
				PRODUCT_NAME = "$(TARGET_NAME)";
				PROVISIONING_PROFILE_SPECIFIER = "";
				"PROVISIONING_PROFILE_SPECIFIER[sdk=macosx*]" = "";
				SUPPORTS_MACCATALYST = YES;
				SWIFT_VERSION = 5.0;
				TARGETED_DEVICE_FAMILY = "1,2";
			};
			name = Debug;
		};
		0EF3490323BF3774009AB96B /* Release */ = {
			isa = XCBuildConfiguration;
			buildSettings = {
				ASSETCATALOG_COMPILER_APPICON_NAME = AppIcon;
				CODE_SIGN_ENTITLEMENTS = DNAConverter/DNAConverter.entitlements;
				CODE_SIGN_IDENTITY = "Apple Development";
				"CODE_SIGN_IDENTITY[sdk=macosx*]" = "Apple Development";
				CODE_SIGN_STYLE = Automatic;
				CURRENT_PROJECT_VERSION = 1.0.2;
				DERIVE_MACCATALYST_PRODUCT_BUNDLE_IDENTIFIER = YES;
				DEVELOPMENT_TEAM = H5QW7TLM9U;
				INFOPLIST_FILE = DNAConverter/Info.plist;
				LD_RUNPATH_SEARCH_PATHS = (
					"$(inherited)",
					"@executable_path/Frameworks",
				);
				MARKETING_VERSION = 1.0.0;
				PRODUCT_BUNDLE_IDENTIFIER = am10.DNAConverter;
				PRODUCT_NAME = "$(TARGET_NAME)";
				PROVISIONING_PROFILE_SPECIFIER = "";
				"PROVISIONING_PROFILE_SPECIFIER[sdk=macosx*]" = "";
				SUPPORTS_MACCATALYST = YES;
				SWIFT_VERSION = 5.0;
				TARGETED_DEVICE_FAMILY = "1,2";
			};
			name = Release;
		};
		0EF3490523BF3774009AB96B /* Debug */ = {
			isa = XCBuildConfiguration;
			buildSettings = {
				ALWAYS_EMBED_SWIFT_STANDARD_LIBRARIES = YES;
				BUNDLE_LOADER = "$(TEST_HOST)";
				CODE_SIGN_STYLE = Automatic;
				DEVELOPMENT_TEAM = H5QW7TLM9U;
				INFOPLIST_FILE = DNAConverterTests/Info.plist;
				IPHONEOS_DEPLOYMENT_TARGET = 13.2;
				LD_RUNPATH_SEARCH_PATHS = (
					"$(inherited)",
					"@executable_path/Frameworks",
					"@loader_path/Frameworks",
				);
				PRODUCT_BUNDLE_IDENTIFIER = am10.DNAConverterTests;
				PRODUCT_NAME = "$(TARGET_NAME)";
				SWIFT_VERSION = 5.0;
				TARGETED_DEVICE_FAMILY = "1,2";
				TEST_HOST = "$(BUILT_PRODUCTS_DIR)/DNAConverter.app/DNAConverter";
			};
			name = Debug;
		};
		0EF3490623BF3774009AB96B /* Release */ = {
			isa = XCBuildConfiguration;
			buildSettings = {
				ALWAYS_EMBED_SWIFT_STANDARD_LIBRARIES = YES;
				BUNDLE_LOADER = "$(TEST_HOST)";
				CODE_SIGN_STYLE = Automatic;
				DEVELOPMENT_TEAM = H5QW7TLM9U;
				INFOPLIST_FILE = DNAConverterTests/Info.plist;
				IPHONEOS_DEPLOYMENT_TARGET = 13.2;
				LD_RUNPATH_SEARCH_PATHS = (
					"$(inherited)",
					"@executable_path/Frameworks",
					"@loader_path/Frameworks",
				);
				PRODUCT_BUNDLE_IDENTIFIER = am10.DNAConverterTests;
				PRODUCT_NAME = "$(TARGET_NAME)";
				SWIFT_VERSION = 5.0;
				TARGETED_DEVICE_FAMILY = "1,2";
				TEST_HOST = "$(BUILT_PRODUCTS_DIR)/DNAConverter.app/DNAConverter";
			};
			name = Release;
		};
/* End XCBuildConfiguration section */

/* Begin XCConfigurationList section */
		0EF348DD23BF3773009AB96B /* Build configuration list for PBXProject "DNAConverter" */ = {
			isa = XCConfigurationList;
			buildConfigurations = (
				0EF348FF23BF3774009AB96B /* Debug */,
				0EF3490023BF3774009AB96B /* Release */,
			);
			defaultConfigurationIsVisible = 0;
			defaultConfigurationName = Release;
		};
		0EF3490123BF3774009AB96B /* Build configuration list for PBXNativeTarget "DNAConverter" */ = {
			isa = XCConfigurationList;
			buildConfigurations = (
				0EF3490223BF3774009AB96B /* Debug */,
				0EF3490323BF3774009AB96B /* Release */,
			);
			defaultConfigurationIsVisible = 0;
			defaultConfigurationName = Release;
		};
		0EF3490423BF3774009AB96B /* Build configuration list for PBXNativeTarget "DNAConverterTests" */ = {
			isa = XCConfigurationList;
			buildConfigurations = (
				0EF3490523BF3774009AB96B /* Debug */,
				0EF3490623BF3774009AB96B /* Release */,
			);
			defaultConfigurationIsVisible = 0;
			defaultConfigurationName = Release;
		};
/* End XCConfigurationList section */
	};
	rootObject = 0EF348DA23BF3773009AB96B /* Project object */;
}
